
Microsoft Visual Studio Solution File, Format Version 12.00
# Visual Studio 14
VisualStudioVersion = 14.0.24720.0
MinimumVisualStudioVersion = 10.0.40219.1
Project("{FAE04EC0-301F-11D3-BF4B-00C04F79EFBC}") = "Hermes", "Hermes\Hermes.csproj", "{A1EA3BFB-476C-481C-ADC8-04E92380D51D}"
EndProject
Project("{FAE04EC0-301F-11D3-BF4B-00C04F79EFBC}") = "Client.Producer", "Client.Producer\Client.Producer.csproj", "{55E6E903-6E8E-4D4D-AD30-D3E779FAA2A2}"
EndProject
Project("{FAE04EC0-301F-11D3-BF4B-00C04F79EFBC}") = "Client.Consumer", "Client.Consumer\Client.Consumer.csproj", "{BF0B49CD-5725-40BD-82D3-559F199531D6}"
EndProject
Project("{FAE04EC0-301F-11D3-BF4B-00C04F79EFBC}") = "Client.Messages", "Client.Messages\Client.Messages.csproj", "{7F23AB86-8A73-4C8C-BE73-AEC8F0A514C5}"
EndProject
Project("{FAE04EC0-301F-11D3-BF4B-00C04F79EFBC}") = "Hermes.Tests", "Hermes.Tests\Hermes.Tests.csproj", "{02ECA25F-8AFC-45E8-9779-C6629CB54C97}"
EndProject
Project("{FAE04EC0-301F-11D3-BF4B-00C04F79EFBC}") = "Common.Mapping", "Common.Mapping\Common.Mapping.csproj", "{E0E0A3A4-F109-4283-BE70-2DBF56FBD8C8}"
EndProject
Project("{FAE04EC0-301F-11D3-BF4B-00C04F79EFBC}") = "Common.Mapping.Tests", "Common.Mapping.Tests\Common.Mapping.Tests.csproj", "{18739A5B-89D5-4DC5-B11D-50D213E39D49}"
EndProject
Project("{2150E333-8FDC-42A3-9474-1A3956D46DE8}") = "Tests", "Tests", "{DA030A77-D4FE-4CDA-8DC1-936C0407003F}"
EndProject
Global
	GlobalSection(SolutionConfigurationPlatforms) = preSolution
		Debug|Any CPU = Debug|Any CPU
		Debug|ARM = Debug|ARM
		Debug|x64 = Debug|x64
		Debug|x86 = Debug|x86
		Release|Any CPU = Release|Any CPU
		Release|ARM = Release|ARM
		Release|x64 = Release|x64
		Release|x86 = Release|x86
	EndGlobalSection
	GlobalSection(ProjectConfigurationPlatforms) = postSolution
		{A1EA3BFB-476C-481C-ADC8-04E92380D51D}.Debug|Any CPU.ActiveCfg = Debug|Any CPU
		{A1EA3BFB-476C-481C-ADC8-04E92380D51D}.Debug|Any CPU.Build.0 = Debug|Any CPU
		{A1EA3BFB-476C-481C-ADC8-04E92380D51D}.Debug|ARM.ActiveCfg = Debug|Any CPU
		{A1EA3BFB-476C-481C-ADC8-04E92380D51D}.Debug|ARM.Build.0 = Debug|Any CPU
		{A1EA3BFB-476C-481C-ADC8-04E92380D51D}.Debug|x64.ActiveCfg = Debug|Any CPU
		{A1EA3BFB-476C-481C-ADC8-04E92380D51D}.Debug|x64.Build.0 = Debug|Any CPU
		{A1EA3BFB-476C-481C-ADC8-04E92380D51D}.Debug|x86.ActiveCfg = Debug|Any CPU
		{A1EA3BFB-476C-481C-ADC8-04E92380D51D}.Debug|x86.Build.0 = Debug|Any CPU
		{A1EA3BFB-476C-481C-ADC8-04E92380D51D}.Release|Any CPU.ActiveCfg = Release|Any CPU
		{A1EA3BFB-476C-481C-ADC8-04E92380D51D}.Release|Any CPU.Build.0 = Release|Any CPU
		{A1EA3BFB-476C-481C-ADC8-04E92380D51D}.Release|ARM.ActiveCfg = Release|Any CPU
		{A1EA3BFB-476C-481C-ADC8-04E92380D51D}.Release|ARM.Build.0 = Release|Any CPU
		{A1EA3BFB-476C-481C-ADC8-04E92380D51D}.Release|x64.ActiveCfg = Release|Any CPU
		{A1EA3BFB-476C-481C-ADC8-04E92380D51D}.Release|x64.Build.0 = Release|Any CPU
		{A1EA3BFB-476C-481C-ADC8-04E92380D51D}.Release|x86.ActiveCfg = Release|Any CPU
		{A1EA3BFB-476C-481C-ADC8-04E92380D51D}.Release|x86.Build.0 = Release|Any CPU
		{55E6E903-6E8E-4D4D-AD30-D3E779FAA2A2}.Debug|Any CPU.ActiveCfg = Debug|Any CPU
		{55E6E903-6E8E-4D4D-AD30-D3E779FAA2A2}.Debug|Any CPU.Build.0 = Debug|Any CPU
		{55E6E903-6E8E-4D4D-AD30-D3E779FAA2A2}.Debug|ARM.ActiveCfg = Debug|Any CPU
		{55E6E903-6E8E-4D4D-AD30-D3E779FAA2A2}.Debug|ARM.Build.0 = Debug|Any CPU
		{55E6E903-6E8E-4D4D-AD30-D3E779FAA2A2}.Debug|x64.ActiveCfg = Debug|Any CPU
		{55E6E903-6E8E-4D4D-AD30-D3E779FAA2A2}.Debug|x64.Build.0 = Debug|Any CPU
		{55E6E903-6E8E-4D4D-AD30-D3E779FAA2A2}.Debug|x86.ActiveCfg = Debug|Any CPU
		{55E6E903-6E8E-4D4D-AD30-D3E779FAA2A2}.Debug|x86.Build.0 = Debug|Any CPU
		{55E6E903-6E8E-4D4D-AD30-D3E779FAA2A2}.Release|Any CPU.ActiveCfg = Release|Any CPU
		{55E6E903-6E8E-4D4D-AD30-D3E779FAA2A2}.Release|Any CPU.Build.0 = Release|Any CPU
		{55E6E903-6E8E-4D4D-AD30-D3E779FAA2A2}.Release|ARM.ActiveCfg = Release|Any CPU
		{55E6E903-6E8E-4D4D-AD30-D3E779FAA2A2}.Release|ARM.Build.0 = Release|Any CPU
		{55E6E903-6E8E-4D4D-AD30-D3E779FAA2A2}.Release|x64.ActiveCfg = Release|Any CPU
		{55E6E903-6E8E-4D4D-AD30-D3E779FAA2A2}.Release|x64.Build.0 = Release|Any CPU
		{55E6E903-6E8E-4D4D-AD30-D3E779FAA2A2}.Release|x86.ActiveCfg = Release|Any CPU
		{55E6E903-6E8E-4D4D-AD30-D3E779FAA2A2}.Release|x86.Build.0 = Release|Any CPU
		{BF0B49CD-5725-40BD-82D3-559F199531D6}.Debug|Any CPU.ActiveCfg = Debug|Any CPU
		{BF0B49CD-5725-40BD-82D3-559F199531D6}.Debug|Any CPU.Build.0 = Debug|Any CPU
		{BF0B49CD-5725-40BD-82D3-559F199531D6}.Debug|ARM.ActiveCfg = Debug|Any CPU
		{BF0B49CD-5725-40BD-82D3-559F199531D6}.Debug|ARM.Build.0 = Debug|Any CPU
		{BF0B49CD-5725-40BD-82D3-559F199531D6}.Debug|x64.ActiveCfg = Debug|Any CPU
		{BF0B49CD-5725-40BD-82D3-559F199531D6}.Debug|x64.Build.0 = Debug|Any CPU
		{BF0B49CD-5725-40BD-82D3-559F199531D6}.Debug|x86.ActiveCfg = Debug|Any CPU
		{BF0B49CD-5725-40BD-82D3-559F199531D6}.Debug|x86.Build.0 = Debug|Any CPU
		{BF0B49CD-5725-40BD-82D3-559F199531D6}.Release|Any CPU.ActiveCfg = Release|Any CPU
		{BF0B49CD-5725-40BD-82D3-559F199531D6}.Release|Any CPU.Build.0 = Release|Any CPU
		{BF0B49CD-5725-40BD-82D3-559F199531D6}.Release|ARM.ActiveCfg = Release|Any CPU
		{BF0B49CD-5725-40BD-82D3-559F199531D6}.Release|ARM.Build.0 = Release|Any CPU
		{BF0B49CD-5725-40BD-82D3-559F199531D6}.Release|x64.ActiveCfg = Release|Any CPU
		{BF0B49CD-5725-40BD-82D3-559F199531D6}.Release|x64.Build.0 = Release|Any CPU
		{BF0B49CD-5725-40BD-82D3-559F199531D6}.Release|x86.ActiveCfg = Release|Any CPU
		{BF0B49CD-5725-40BD-82D3-559F199531D6}.Release|x86.Build.0 = Release|Any CPU
		{7F23AB86-8A73-4C8C-BE73-AEC8F0A514C5}.Debug|Any CPU.ActiveCfg = Debug|Any CPU
		{7F23AB86-8A73-4C8C-BE73-AEC8F0A514C5}.Debug|Any CPU.Build.0 = Debug|Any CPU
		{7F23AB86-8A73-4C8C-BE73-AEC8F0A514C5}.Debug|ARM.ActiveCfg = Debug|Any CPU
		{7F23AB86-8A73-4C8C-BE73-AEC8F0A514C5}.Debug|ARM.Build.0 = Debug|Any CPU
		{7F23AB86-8A73-4C8C-BE73-AEC8F0A514C5}.Debug|x64.ActiveCfg = Debug|Any CPU
		{7F23AB86-8A73-4C8C-BE73-AEC8F0A514C5}.Debug|x64.Build.0 = Debug|Any CPU
		{7F23AB86-8A73-4C8C-BE73-AEC8F0A514C5}.Debug|x86.ActiveCfg = Debug|Any CPU
		{7F23AB86-8A73-4C8C-BE73-AEC8F0A514C5}.Debug|x86.Build.0 = Debug|Any CPU
		{7F23AB86-8A73-4C8C-BE73-AEC8F0A514C5}.Release|Any CPU.ActiveCfg = Release|Any CPU
		{7F23AB86-8A73-4C8C-BE73-AEC8F0A514C5}.Release|Any CPU.Build.0 = Release|Any CPU
		{7F23AB86-8A73-4C8C-BE73-AEC8F0A514C5}.Release|ARM.ActiveCfg = Release|Any CPU
		{7F23AB86-8A73-4C8C-BE73-AEC8F0A514C5}.Release|ARM.Build.0 = Release|Any CPU
		{7F23AB86-8A73-4C8C-BE73-AEC8F0A514C5}.Release|x64.ActiveCfg = Release|Any CPU
		{7F23AB86-8A73-4C8C-BE73-AEC8F0A514C5}.Release|x64.Build.0 = Release|Any CPU
		{7F23AB86-8A73-4C8C-BE73-AEC8F0A514C5}.Release|x86.ActiveCfg = Release|Any CPU
		{7F23AB86-8A73-4C8C-BE73-AEC8F0A514C5}.Release|x86.Build.0 = Release|Any CPU
		{02ECA25F-8AFC-45E8-9779-C6629CB54C97}.Debug|Any CPU.ActiveCfg = Debug|Any CPU
		{02ECA25F-8AFC-45E8-9779-C6629CB54C97}.Debug|Any CPU.Build.0 = Debug|Any CPU
		{02ECA25F-8AFC-45E8-9779-C6629CB54C97}.Debug|ARM.ActiveCfg = Debug|Any CPU
		{02ECA25F-8AFC-45E8-9779-C6629CB54C97}.Debug|ARM.Build.0 = Debug|Any CPU
		{02ECA25F-8AFC-45E8-9779-C6629CB54C97}.Debug|x64.ActiveCfg = Debug|Any CPU
		{02ECA25F-8AFC-45E8-9779-C6629CB54C97}.Debug|x64.Build.0 = Debug|Any CPU
		{02ECA25F-8AFC-45E8-9779-C6629CB54C97}.Debug|x86.ActiveCfg = Debug|Any CPU
		{02ECA25F-8AFC-45E8-9779-C6629CB54C97}.Debug|x86.Build.0 = Debug|Any CPU
		{02ECA25F-8AFC-45E8-9779-C6629CB54C97}.Release|Any CPU.ActiveCfg = Release|Any CPU
		{02ECA25F-8AFC-45E8-9779-C6629CB54C97}.Release|Any CPU.Build.0 = Release|Any CPU
		{02ECA25F-8AFC-45E8-9779-C6629CB54C97}.Release|ARM.ActiveCfg = Release|Any CPU
		{02ECA25F-8AFC-45E8-9779-C6629CB54C97}.Release|ARM.Build.0 = Release|Any CPU
		{02ECA25F-8AFC-45E8-9779-C6629CB54C97}.Release|x64.ActiveCfg = Release|Any CPU
		{02ECA25F-8AFC-45E8-9779-C6629CB54C97}.Release|x64.Build.0 = Release|Any CPU
		{02ECA25F-8AFC-45E8-9779-C6629CB54C97}.Release|x86.ActiveCfg = Release|Any CPU
		{02ECA25F-8AFC-45E8-9779-C6629CB54C97}.Release|x86.Build.0 = Release|Any CPU
		{E0E0A3A4-F109-4283-BE70-2DBF56FBD8C8}.Debug|Any CPU.ActiveCfg = Debug|Any CPU
		{E0E0A3A4-F109-4283-BE70-2DBF56FBD8C8}.Debug|Any CPU.Build.0 = Debug|Any CPU
		{E0E0A3A4-F109-4283-BE70-2DBF56FBD8C8}.Debug|ARM.ActiveCfg = Debug|Any CPU
		{E0E0A3A4-F109-4283-BE70-2DBF56FBD8C8}.Debug|ARM.Build.0 = Debug|Any CPU
		{E0E0A3A4-F109-4283-BE70-2DBF56FBD8C8}.Debug|x64.ActiveCfg = Debug|Any CPU
		{E0E0A3A4-F109-4283-BE70-2DBF56FBD8C8}.Debug|x64.Build.0 = Debug|Any CPU
		{E0E0A3A4-F109-4283-BE70-2DBF56FBD8C8}.Debug|x86.ActiveCfg = Debug|Any CPU
		{E0E0A3A4-F109-4283-BE70-2DBF56FBD8C8}.Debug|x86.Build.0 = Debug|Any CPU
		{E0E0A3A4-F109-4283-BE70-2DBF56FBD8C8}.Release|Any CPU.ActiveCfg = Release|Any CPU
		{E0E0A3A4-F109-4283-BE70-2DBF56FBD8C8}.Release|Any CPU.Build.0 = Release|Any CPU
		{E0E0A3A4-F109-4283-BE70-2DBF56FBD8C8}.Release|ARM.ActiveCfg = Release|Any CPU
		{E0E0A3A4-F109-4283-BE70-2DBF56FBD8C8}.Release|ARM.Build.0 = Release|Any CPU
		{E0E0A3A4-F109-4283-BE70-2DBF56FBD8C8}.Release|x64.ActiveCfg = Release|Any CPU
		{E0E0A3A4-F109-4283-BE70-2DBF56FBD8C8}.Release|x64.Build.0 = Release|Any CPU
		{E0E0A3A4-F109-4283-BE70-2DBF56FBD8C8}.Release|x86.ActiveCfg = Release|Any CPU
		{E0E0A3A4-F109-4283-BE70-2DBF56FBD8C8}.Release|x86.Build.0 = Release|Any CPU
		{18739A5B-89D5-4DC5-B11D-50D213E39D49}.Debug|Any CPU.ActiveCfg = Debug|Any CPU
		{18739A5B-89D5-4DC5-B11D-50D213E39D49}.Debug|Any CPU.Build.0 = Debug|Any CPU
		{18739A5B-89D5-4DC5-B11D-50D213E39D49}.Debug|ARM.ActiveCfg = Debug|Any CPU
		{18739A5B-89D5-4DC5-B11D-50D213E39D49}.Debug|ARM.Build.0 = Debug|Any CPU
		{18739A5B-89D5-4DC5-B11D-50D213E39D49}.Debug|x64.ActiveCfg = Debug|Any CPU
		{18739A5B-89D5-4DC5-B11D-50D213E39D49}.Debug|x64.Build.0 = Debug|Any CPU
		{18739A5B-89D5-4DC5-B11D-50D213E39D49}.Debug|x86.ActiveCfg = Debug|Any CPU
		{18739A5B-89D5-4DC5-B11D-50D213E39D49}.Debug|x86.Build.0 = Debug|Any CPU
		{18739A5B-89D5-4DC5-B11D-50D213E39D49}.Release|Any CPU.ActiveCfg = Release|Any CPU
		{18739A5B-89D5-4DC5-B11D-50D213E39D49}.Release|Any CPU.Build.0 = Release|Any CPU
		{18739A5B-89D5-4DC5-B11D-50D213E39D49}.Release|ARM.ActiveCfg = Release|Any CPU
		{18739A5B-89D5-4DC5-B11D-50D213E39D49}.Release|ARM.Build.0 = Release|Any CPU
		{18739A5B-89D5-4DC5-B11D-50D213E39D49}.Release|x64.ActiveCfg = Release|Any CPU
		{18739A5B-89D5-4DC5-B11D-50D213E39D49}.Release|x64.Build.0 = Release|Any CPU
		{18739A5B-89D5-4DC5-B11D-50D213E39D49}.Release|x86.ActiveCfg = Release|Any CPU
		{18739A5B-89D5-4DC5-B11D-50D213E39D49}.Release|x86.Build.0 = Release|Any CPU
	EndGlobalSection
	GlobalSection(SolutionProperties) = preSolution
		HideSolutionNode = FALSE
	EndGlobalSection
	GlobalSection(NestedProjects) = preSolution
		{02ECA25F-8AFC-45E8-9779-C6629CB54C97} = {DA030A77-D4FE-4CDA-8DC1-936C0407003F}
		{18739A5B-89D5-4DC5-B11D-50D213E39D49} = {DA030A77-D4FE-4CDA-8DC1-936C0407003F}
	EndGlobalSection
EndGlobal
